# This file is automatically @generated by Cargo.
# It is not intended for manual editing.
version = 3

[[package]]
name = "dread_locker"
version = "0.4.0"
dependencies = [
 "file",
 "glob",
]

[[package]]
name = "file"
version = "1.1.2"
source = "registry+https://github.com/rust-lang/crates.io-index"
checksum = "072420e920a41e95a021116fb47c331d1199aab0f12ca1f77903d5c0ec65c37a"

[[package]]
name = "glob"
version = "0.3.1"
source = "registry+https://github.com/rust-lang/crates.io-index"
checksum = "d2fabcfbdc87f4758337ca535fb41a6d701b65693ce38287d856d1674551ec9b"
